#MicroXplorer Configuration settings - do not modify
ADC.ClockPrescaler=ADC_CLOCK_ASYNC_DIV1
ADC.ContinuousConvMode=ENABLE
ADC.IPParameters=ContinuousConvMode,SamplingTime,ClockPrescaler
ADC.SamplingTime=ADC_SAMPLETIME_12CYCLES_5
Dma.ADC.2.Direction=DMA_PERIPH_TO_MEMORY
Dma.ADC.2.Instance=DMA1_Channel1
Dma.ADC.2.MemDataAlignment=DMA_MDATAALIGN_HALFWORD
Dma.ADC.2.MemInc=DMA_MINC_ENABLE
Dma.ADC.2.Mode=DMA_NORMAL
Dma.ADC.2.PeriphDataAlignment=DMA_PDATAALIGN_HALFWORD
Dma.ADC.2.PeriphInc=DMA_PINC_DISABLE
Dma.ADC.2.Priority=DMA_PRIORITY_LOW
Dma.ADC.2.RequestParameters=Instance,Direction,PeriphInc,MemInc,PeriphDataAlignment,MemDataAlignment,Mode,Priority
Dma.Request0=USART1_RX
Dma.Request1=USART2_RX
Dma.Request2=ADC
Dma.RequestsNb=3
Dma.USART1_RX.0.Direction=DMA_PERIPH_TO_MEMORY
Dma.USART1_RX.0.Instance=DMA1_Channel3
Dma.USART1_RX.0.MemDataAlignment=DMA_MDATAALIGN_BYTE
Dma.USART1_RX.0.MemInc=DMA_MINC_ENABLE
Dma.USART1_RX.0.Mode=DMA_NORMAL
Dma.USART1_RX.0.PeriphDataAlignment=DMA_PDATAALIGN_BYTE
Dma.USART1_RX.0.PeriphInc=DMA_PINC_DISABLE
Dma.USART1_RX.0.Priority=DMA_PRIORITY_LOW
Dma.USART1_RX.0.RequestParameters=Instance,Direction,PeriphInc,MemInc,PeriphDataAlignment,MemDataAlignment,Mode,Priority
Dma.USART2_RX.1.Direction=DMA_PERIPH_TO_MEMORY
Dma.USART2_RX.1.Instance=DMA1_Channel5
Dma.USART2_RX.1.MemDataAlignment=DMA_MDATAALIGN_BYTE
Dma.USART2_RX.1.MemInc=DMA_MINC_ENABLE
Dma.USART2_RX.1.Mode=DMA_NORMAL
Dma.USART2_RX.1.PeriphDataAlignment=DMA_PDATAALIGN_BYTE
Dma.USART2_RX.1.PeriphInc=DMA_PINC_DISABLE
Dma.USART2_RX.1.Priority=DMA_PRIORITY_LOW
Dma.USART2_RX.1.RequestParameters=Instance,Direction,PeriphInc,MemInc,PeriphDataAlignment,MemDataAlignment,Mode,Priority
File.Version=6
GPIO.groupedBy=Group By Peripherals
I2C2.IPParameters=Timing
I2C2.Timing=0x00707CBB
KeepUserPlacement=false
LPUART1.BaudRate=115200
LPUART1.IPParameters=WordLength,OverrunDisableParam,BaudRate
LPUART1.OverrunDisableParam=UART_ADVFEATURE_OVERRUN_ENABLE
LPUART1.WordLength=UART_WORDLENGTH_8B
Mcu.Family=STM32L0
Mcu.IP0=ADC
Mcu.IP1=DMA
Mcu.IP10=USART1
Mcu.IP11=USART2
Mcu.IP2=I2C2
Mcu.IP3=LPUART1
Mcu.IP4=NVIC
Mcu.IP5=RCC
Mcu.IP6=RTC
Mcu.IP7=SYS
Mcu.IP8=TIM2
Mcu.IP9=TIM7
Mcu.IPNb=12
Mcu.Name=STM32L071R(B-Z)Tx
Mcu.Package=LQFP64
Mcu.Pin0=PC13
Mcu.Pin1=PC14-OSC32_IN
Mcu.Pin10=PA1
Mcu.Pin11=PA2
Mcu.Pin12=PA3
Mcu.Pin13=PA4
Mcu.Pin14=PA5
Mcu.Pin15=PA6
Mcu.Pin16=PA7
Mcu.Pin17=PC4
Mcu.Pin18=PC5
Mcu.Pin19=PB0
Mcu.Pin2=PC15-OSC32_OUT
Mcu.Pin20=PB1
Mcu.Pin21=PB2
Mcu.Pin22=PB10
Mcu.Pin23=PB11
Mcu.Pin24=PB13
Mcu.Pin25=PB14
Mcu.Pin26=PB15
Mcu.Pin27=PC6
Mcu.Pin28=PC7
Mcu.Pin29=PC8
Mcu.Pin3=PH0-OSC_IN
Mcu.Pin30=PA8
Mcu.Pin31=PA9
Mcu.Pin32=PA11
Mcu.Pin33=PA12
Mcu.Pin34=PA13
Mcu.Pin35=PA14
Mcu.Pin36=PA15
Mcu.Pin37=PC10
Mcu.Pin38=PC11
Mcu.Pin39=PC12
Mcu.Pin4=PH1-OSC_OUT
Mcu.Pin40=PD2
Mcu.Pin41=PB3
Mcu.Pin42=PB4
Mcu.Pin43=PB5
Mcu.Pin44=PB6
Mcu.Pin45=PB7
Mcu.Pin46=PB9
Mcu.Pin47=VP_RTC_VS_RTC_Activate
Mcu.Pin48=VP_RTC_VS_RTC_Calendar
Mcu.Pin49=VP_RTC_VS_RTC_WakeUp_intern
Mcu.Pin5=PC0
Mcu.Pin50=VP_SYS_VS_Systick
Mcu.Pin51=VP_TIM2_VS_ClockSourceINT
Mcu.Pin52=VP_TIM7_VS_ClockSourceINT
Mcu.Pin6=PC1
Mcu.Pin7=PC2
Mcu.Pin8=PC3
Mcu.Pin9=PA0
Mcu.PinsNb=53
Mcu.ThirdPartyNb=0
Mcu.UserConstants=
Mcu.UserName=STM32L071RBTx
MxCube.Version=6.4.0
MxDb.Version=DB.6.0.40
NVIC.ADC1_COMP_IRQn=true\:0\:0\:false\:false\:true\:true\:true
NVIC.DMA1_Channel1_IRQn=true\:0\:0\:false\:false\:true\:false\:true
NVIC.DMA1_Channel2_3_IRQn=true\:0\:0\:false\:false\:true\:false\:true
NVIC.DMA1_Channel4_5_6_7_IRQn=true\:0\:0\:false\:false\:true\:false\:true
NVIC.ForceEnableDMAVector=true
NVIC.HardFault_IRQn=true\:0\:0\:false\:false\:true\:false\:false
NVIC.LPUART1_IRQn=true\:0\:0\:false\:false\:true\:true\:true
NVIC.NonMaskableInt_IRQn=true\:0\:0\:false\:false\:true\:false\:false
NVIC.PendSV_IRQn=true\:0\:0\:false\:false\:true\:false\:false
NVIC.RTC_IRQn=true\:0\:0\:false\:false\:true\:true\:true
NVIC.SVC_IRQn=true\:0\:0\:false\:false\:true\:false\:false
NVIC.SysTick_IRQn=true\:3\:0\:false\:false\:true\:false\:true
NVIC.TIM7_IRQn=true\:0\:0\:false\:false\:true\:true\:true
NVIC.USART1_IRQn=true\:0\:0\:true\:false\:true\:true\:true
NVIC.USART2_IRQn=true\:0\:0\:false\:false\:true\:true\:true
PA0.GPIOParameters=GPIO_Speed,GPIO_Label
PA0.GPIO_Label=ON_OFF_12V
PA0.GPIO_Speed=GPIO_SPEED_FREQ_HIGH
PA0.Locked=true
PA0.Signal=GPIO_Output
PA1.GPIOParameters=GPIO_Speed,GPIO_Label
PA1.GPIO_Label=E22_ON/OFF
PA1.GPIO_Speed=GPIO_SPEED_FREQ_HIGH
PA1.Locked=true
PA1.Signal=GPIO_Output
PA11.GPIOParameters=GPIO_Label
PA11.GPIO_Label=CAT1_LoRa
PA11.Locked=true
PA11.Signal=GPIO_Input
PA12.GPIOParameters=GPIO_Speed,GPIO_Label
PA12.GPIO_Label=ALarm LED
PA12.GPIO_Speed=GPIO_SPEED_FREQ_HIGH
PA12.Locked=true
PA12.Signal=GPIO_Output
PA13.Locked=true
PA13.Mode=Serial_Wire
PA13.Signal=SYS_SWDIO
PA14.Mode=Serial_Wire
PA14.Signal=SYS_SWCLK
PA15.GPIOParameters=GPIO_Speed,GPIO_Label
PA15.GPIO_Label=FM2_IN1
PA15.GPIO_Speed=GPIO_SPEED_FREQ_HIGH
PA15.Locked=true
PA15.Signal=GPIO_Output
PA2.Locked=true
PA2.Mode=Asynchronous
PA2.Signal=USART2_TX
PA3.Locked=true
PA3.Mode=Asynchronous
PA3.Signal=USART2_RX
PA4.GPIOParameters=GPIO_Speed,GPIO_Label
PA4.GPIO_Label=EC_PWR
PA4.GPIO_Speed=GPIO_SPEED_FREQ_HIGH
PA4.Locked=true
PA4.Signal=GPIO_Output
PA5.GPIOParameters=GPIO_Label
PA5.GPIO_Label=IO_IN1
PA5.Locked=true
PA5.Signal=GPIO_Input
PA6.GPIOParameters=GPIO_Label
PA6.GPIO_Label=IO_IN2
PA6.Locked=true
PA6.Signal=GPIO_Input
PA7.GPIOParameters=GPIO_Label
PA7.GPIO_Label=CHRG
PA7.Locked=true
PA7.Signal=GPIO_Input
PA8.GPIOParameters=GPIO_Speed,GPIO_Label
PA8.GPIO_Label=EC_ON_OFF
PA8.GPIO_Speed=GPIO_SPEED_FREQ_HIGH
PA8.Locked=true
PA8.Signal=GPIO_Output
PA9.GPIOParameters=GPIO_Speed,GPIO_Label
PA9.GPIO_Label=IO_OUT1
PA9.GPIO_Speed=GPIO_SPEED_FREQ_HIGH
PA9.Locked=true
PA9.Signal=GPIO_Output
PB0.GPIOParameters=GPIO_Label
PB0.GPIO_Label=ALPS_4T
PB0.Locked=true
PB0.Mode=IN8
PB0.Signal=ADC_IN8
PB1.GPIOParameters=GPIO_Label
PB1.GPIO_Label=HALL
PB1.Locked=true
PB1.Mode=IN9
PB1.Signal=ADC_IN9
PB10.Locked=true
PB10.Mode=Asynchronous
PB10.Signal=LPUART1_TX
PB11.Locked=true
PB11.Mode=Asynchronous
PB11.Signal=LPUART1_RX
PB13.Locked=true
PB13.Mode=I2C
PB13.Signal=I2C2_SCL
PB14.Locked=true
PB14.Mode=I2C
PB14.Signal=I2C2_SDA
PB15.GPIOParameters=GPIO_Speed,GPIO_Label
PB15.GPIO_Label=IIC_NCA_RESET
PB15.GPIO_Speed=GPIO_SPEED_FREQ_HIGH
PB15.Locked=true
PB15.Signal=GPIO_Output
PB2.GPIOParameters=GPIO_Speed,GPIO_Label
PB2.GPIO_Label=ON_OFF_18V
PB2.GPIO_Speed=GPIO_SPEED_FREQ_HIGH
PB2.Locked=true
PB2.Signal=GPIO_Output
PB3.Locked=true
PB3.Signal=S_TIM2_CH2
PB4.GPIOParameters=GPIO_Label
PB4.GPIO_Label=IO_in4
PB4.Locked=true
PB4.Signal=GPIO_Input
PB5.GPIOParameters=GPIO_Label
PB5.GPIO_Label=IO_in3
PB5.Locked=true
PB5.Signal=GPIO_Input
PB6.Locked=true
PB6.Mode=Asynchronous
PB6.Signal=USART1_TX
PB7.Locked=true
PB7.Mode=Asynchronous
PB7.Signal=USART1_RX
PB9.GPIOParameters=GPIO_Label
PB9.GPIO_Label=Key_S1
PB9.Locked=true
PB9.Signal=GPIO_Input
PC0.GPIOParameters=GPIO_Speed,GPIO_Label
PC0.GPIO_Label=FM1_IN2
PC0.GPIO_Speed=GPIO_SPEED_FREQ_HIGH
PC0.Locked=true
PC0.Signal=GPIO_Output
PC1.GPIOParameters=GPIO_Speed,GPIO_Label
PC1.GPIO_Label=FM1_IN1
PC1.GPIO_Speed=GPIO_SPEED_FREQ_HIGH
PC1.Locked=true
PC1.Signal=GPIO_Output
PC10.GPIOParameters=GPIO_Speed,GPIO_Label
PC10.GPIO_Label=LORA_M1
PC10.GPIO_Speed=GPIO_SPEED_FREQ_HIGH
PC10.Locked=true
PC10.Signal=GPIO_Output
PC11.GPIOParameters=GPIO_Speed,GPIO_Label
PC11.GPIO_Label=LORA_M0
PC11.GPIO_Speed=GPIO_SPEED_FREQ_HIGH
PC11.Locked=true
PC11.Signal=GPIO_Output
PC12.GPIOParameters=GPIO_Speed,GPIO_Label
PC12.GPIO_Label=EC_RST
PC12.GPIO_Speed=GPIO_SPEED_FREQ_HIGH
PC12.Locked=true
PC12.Signal=GPIO_Output
PC13.GPIOParameters=GPIO_Label
PC13.GPIO_Label=LORA_AUX
PC13.Locked=true
PC13.Signal=GPIO_Input
PC14-OSC32_IN.Mode=LSE-External-Oscillator
PC14-OSC32_IN.Signal=RCC_OSC32_IN
PC15-OSC32_OUT.Mode=LSE-External-Oscillator
PC15-OSC32_OUT.Signal=RCC_OSC32_OUT
PC2.GPIOParameters=GPIO_Label
PC2.GPIO_Label=Battery_V
PC2.Locked=true
PC2.Mode=IN12
PC2.Signal=ADC_IN12
PC3.GPIOParameters=GPIO_Speed,GPIO_Label
PC3.GPIO_Label=Battery_EN
PC3.GPIO_Speed=GPIO_SPEED_FREQ_HIGH
PC3.Locked=true
PC3.Signal=GPIO_Output
PC4.GPIOParameters=GPIO_Speed,GPIO_Label
PC4.GPIO_Label=RELAY_PW_ON/OFF
PC4.GPIO_Speed=GPIO_SPEED_FREQ_HIGH
PC4.Locked=true
PC4.Signal=GPIO_Output
PC5.GPIOParameters=GPIO_Label
PC5.GPIO_Label=ALPS_2T
PC5.Locked=true
PC5.Mode=IN15
PC5.Signal=ADC_IN15
PC6.GPIOParameters=GPIO_Label
PC6.GPIO_Label=ALM1
PC6.Locked=true
PC6.Signal=GPIO_Input
PC7.GPIOParameters=GPIO_Speed,GPIO_Label
PC7.GPIO_Label=Motor_IN1
PC7.GPIO_Speed=GPIO_SPEED_FREQ_HIGH
PC7.Locked=true
PC7.Signal=GPIO_Output
PC8.GPIOParameters=GPIO_Speed,GPIO_Label
PC8.GPIO_Label=Motor_IN2
PC8.GPIO_Speed=GPIO_SPEED_FREQ_HIGH
PC8.Locked=true
PC8.Signal=GPIO_Output
PD2.GPIOParameters=GPIO_Speed,GPIO_Label
PD2.GPIO_Label=FM2_IN2
PD2.GPIO_Speed=GPIO_SPEED_FREQ_HIGH
PD2.Locked=true
PD2.Signal=GPIO_Output
PH0-OSC_IN.Mode=HSE-External-Oscillator
PH0-OSC_IN.Signal=RCC_OSC_IN
PH1-OSC_OUT.Mode=HSE-External-Oscillator
PH1-OSC_OUT.Signal=RCC_OSC_OUT
PinOutPanel.RotationAngle=0
ProjectManager.AskForMigrate=true
ProjectManager.BackupPrevious=false
ProjectManager.CompilerOptimize=6
ProjectManager.ComputerToolchain=false
ProjectManager.CoupleFile=true
ProjectManager.CustomerFirmwarePackage=
ProjectManager.DefaultFWLocation=true
ProjectManager.DeletePrevious=true
ProjectManager.DeviceId=STM32L071RBTx
ProjectManager.FirmwarePackage=STM32Cube FW_L0 V1.12.2
ProjectManager.FreePins=true
ProjectManager.HalAssertFull=false
ProjectManager.HeapSize=0x200
ProjectManager.KeepUserCode=true
ProjectManager.LastFirmware=true
ProjectManager.LibraryCopy=1
ProjectManager.MainLocation=Core/Src
ProjectManager.NoMain=false
ProjectManager.PreviousToolchain=
ProjectManager.ProjectBuild=false
ProjectManager.ProjectFileName=F071.ioc
ProjectManager.ProjectName=F071
ProjectManager.RegisterCallBack=
ProjectManager.StackSize=0x400
ProjectManager.TargetToolchain=MDK-ARM V5.32
ProjectManager.ToolChainLocation=
ProjectManager.UnderRoot=false
ProjectManager.functionlistsort=1-MX_GPIO_Init-GPIO-false-HAL-true,2-SystemClock_Config-RCC-false-HAL-false,3-MX_USART1_UART_Init-USART1-false-HAL-true,4-MX_ADC_Init-ADC-false-HAL-true,5-MX_DMA_Init-DMA-false-HAL-true,6-MX_TIM2_Init-TIM2-false-HAL-true,7-MX_RTC_Init-RTC-false-HAL-true,8-MX_I2C2_Init-I2C2-false-HAL-true,9-MX_LPUART1_UART_Init-LPUART1-false-HAL-true,10-MX_USART2_UART_Init-USART2-false-HAL-true,11-MX_TIM7_Init-TIM7-false-HAL-true
RCC.AHBFreq_Value=32000000
RCC.APB1Freq_Value=32000000
RCC.APB1TimFreq_Value=32000000
RCC.APB2Freq_Value=32000000
RCC.APB2TimFreq_Value=32000000
RCC.FCLKCortexFreq_Value=32000000
RCC.FamilyName=M
RCC.HCLKFreq_Value=32000000
RCC.HSE_VALUE=8000000
RCC.HSI16_VALUE=16000000
RCC.HSI_VALUE=16000000
RCC.I2C1Freq_Value=32000000
RCC.I2C3Freq_Value=32000000
RCC.IPParameters=AHBFreq_Value,APB1Freq_Value,APB1TimFreq_Value,APB2Freq_Value,APB2TimFreq_Value,FCLKCortexFreq_Value,FamilyName,HCLKFreq_Value,HSE_VALUE,HSI16_VALUE,HSI_VALUE,I2C1Freq_Value,I2C3Freq_Value,LPTIMFreq_Value,LPUARTFreq_Value,LSI_VALUE,MCOPinFreq_Value,MSI_VALUE,PLLCLKFreq_Value,PLLMUL,PLLSourceVirtual,PWRFreq_Value,RCC_RTC_Clock_Source_FROM_HSE,RTCClockSelectionVirtual,RTCFreq_Value,RTCHSEDivFreq_Value,SYSCLKFreq_VALUE,SYSCLKSource,TIMFreq_Value,TimerFreq_Value,USART1Freq_Value,USART2Freq_Value,VCOInputFreq_Value,VCOOutputFreq_Value,WatchDogFreq_Value
RCC.LPTIMFreq_Value=32000000
RCC.LPUARTFreq_Value=32000000
RCC.LSI_VALUE=37000
RCC.MCOPinFreq_Value=32000000
RCC.MSI_VALUE=2097000
RCC.PLLCLKFreq_Value=32000000
RCC.PLLMUL=RCC_PLLMUL_8
RCC.PLLSourceVirtual=RCC_PLLSOURCE_HSE
RCC.PWRFreq_Value=32000000
RCC.RCC_RTC_Clock_Source_FROM_HSE=RCC_RTCCLKSOURCE_HSE_DIV16
RCC.RTCClockSelectionVirtual=RCC_RTCCLKSOURCE_LSE
RCC.RTCFreq_Value=32768
RCC.RTCHSEDivFreq_Value=500000
RCC.SYSCLKFreq_VALUE=32000000
RCC.SYSCLKSource=RCC_SYSCLKSOURCE_PLLCLK
RCC.TIMFreq_Value=32000000
RCC.TimerFreq_Value=32000000
RCC.USART1Freq_Value=32000000
RCC.USART2Freq_Value=32000000
RCC.VCOInputFreq_Value=8000000
RCC.VCOOutputFreq_Value=64000000
RCC.WatchDogFreq_Value=37000
RTC.Format=RTC_FORMAT_BIN
RTC.Hours=14
RTC.IPParameters=WeekDay,Month,Year,Hours,Minutes,Format,WakeUpClock-WakeUp,WakeUpCounter-WakeUp
RTC.Minutes=15
RTC.Month=RTC_MONTH_SEPTEMBER
RTC.WakeUpClock-WakeUp=RTC_WAKEUPCLOCK_CK_SPRE_16BITS
RTC.WakeUpCounter-WakeUp=10
RTC.WeekDay=RTC_WEEKDAY_SUNDAY
RTC.Year=24
SH.S_TIM2_CH2.0=TIM2_CH2,PWM Generation2 CH2
SH.S_TIM2_CH2.ConfNb=1
TIM2.AutoReloadPreload=TIM_AUTORELOAD_PRELOAD_ENABLE
TIM2.Channel-PWM\ Generation2\ CH2=TIM_CHANNEL_2
TIM2.IPParameters=Prescaler,Period,AutoReloadPreload,Channel-PWM Generation2 CH2
TIM2.Period=1000-1
TIM2.Prescaler=32-1
TIM7.IPParameters=Prescaler,Period
TIM7.Period=1000
TIM7.Prescaler=7200
USART1.IPParameters=VirtualMode-Asynchronous
USART1.VirtualMode-Asynchronous=VM_ASYNC
USART2.BaudRate=9600
USART2.IPParameters=VirtualMode-Asynchronous,BaudRate
USART2.VirtualMode-Asynchronous=VM_ASYNC
VP_RTC_VS_RTC_Activate.Mode=RTC_Enabled
VP_RTC_VS_RTC_Activate.Signal=RTC_VS_RTC_Activate
VP_RTC_VS_RTC_Calendar.Mode=RTC_Calendar
VP_RTC_VS_RTC_Calendar.Signal=RTC_VS_RTC_Calendar
VP_RTC_VS_RTC_WakeUp_intern.Mode=WakeUp
VP_RTC_VS_RTC_WakeUp_intern.Signal=RTC_VS_RTC_WakeUp_intern
VP_SYS_VS_Systick.Mode=SysTick
VP_SYS_VS_Systick.Signal=SYS_VS_Systick
VP_TIM2_VS_ClockSourceINT.Mode=Internal
VP_TIM2_VS_ClockSourceINT.Signal=TIM2_VS_ClockSourceINT
VP_TIM7_VS_ClockSourceINT.Mode=Enable_Timer
VP_TIM7_VS_ClockSourceINT.Signal=TIM7_VS_ClockSourceINT
board=custom
